Microsoft Visual Studio Solution File, Format Version 12.00
# Visual Studio Version 17
VisualStudioVersion = 17.0.31903.59
MinimumVisualStudioVersion = 10.0.40219.1
Project("{84B6675C-86D2-41FD-9220-D46F473E498B}") = "Project_b54fba21206546acbf293c0fed6aec93_20250606142047467082", "Project_b54fba21206546acbf293c0fed6aec93_20250606142047467082.csproj", "{84B6675C-86D2-41FD-9220-D46F473E498B}"
EndProject
Global
    GlobalSection(SolutionConfigurationPlatforms) = preSolution
        Debug|Any CPU = Debug|Any CPU
        Release|Any CPU = Release|Any CPU
    EndGlobalSection
    GlobalSection(ProjectConfigurationPlatforms) = postSolution
        {84B6675C-86D2-41FD-9220-D46F473E498B}.Debug|Any CPU.ActiveCfg = Debug|Any CPU
        {84B6675C-86D2-41FD-9220-D46F473E498B}.Debug|Any CPU.Build.0 = Debug|Any CPU
        {84B6675C-86D2-41FD-9220-D46F473E498B}.Release|Any CPU.ActiveCfg = Release|Any CPU
        {84B6675C-86D2-41FD-9220-D46F473E498B}.Release|Any CPU.Build.0 = Release|Any CPU
    EndGlobalSection
EndGlobal